
Microsoft Visual Studio Solution File, Format Version 12.00
# Visual Studio Version 16
VisualStudioVersion = 16.0.31205.134
MinimumVisualStudioVersion = 10.0.40219.1
Project("{FAE04EC0-301F-11D3-BF4B-00C04F79EFBC}") = "SelectWebMvc", "SelectWebMvc\SelectWebMvc.csproj", "{0B094A3C-A92B-4636-804D-DF5246AB450B}"
EndProject
Global
	GlobalSection(SolutionConfigurationPlatforms) = preSolution
		Debug|Any CPU = Debug|Any CPU
		Release|Any CPU = Release|Any CPU
	EndGlobalSection
	GlobalSection(ProjectConfigurationPlatforms) = postSolution
		{0B094A3C-A92B-4636-804D-DF5246AB450B}.Debug|Any CPU.ActiveCfg = Debug|Any CPU
		{0B094A3C-A92B-4636-804D-DF5246AB450B}.Debug|Any CPU.Build.0 = Debug|Any CPU
		{0B094A3C-A92B-4636-804D-DF5246AB450B}.Release|Any CPU.ActiveCfg = Release|Any CPU
		{0B094A3C-A92B-4636-804D-DF5246AB450B}.Release|Any CPU.Build.0 = Release|Any CPU
	EndGlobalSection
	GlobalSection(SolutionProperties) = preSolution
		HideSolutionNode = FALSE
	EndGlobalSection
	GlobalSection(ExtensibilityGlobals) = postSolution
		SolutionGuid = {3C09AE70-7A1B-49E9-809D-19CCACA3D9EE}
	EndGlobalSection
EndGlobal
